
Microsoft Visual Studio Solution File, Format Version 12.00
# Visual Studio Version 17
VisualStudioVersion = 17.7.34221.43
MinimumVisualStudioVersion = 10.0.40219.1
Project("{FAE04EC0-301F-11D3-BF4B-00C04F79EFBC}") = "PruebaTecnicaPaulinoZelaya_Api", "PruebaTecnicaPaulinoZelaya_Api\PruebaTecnicaPaulinoZelaya_Api.csproj", "{AFD617C4-9AAB-4726-80E7-78B200411FE6}"
EndProject
Global
	GlobalSection(SolutionConfigurationPlatforms) = preSolution
		Debug|Any CPU = Debug|Any CPU
		Release|Any CPU = Release|Any CPU
	EndGlobalSection
	GlobalSection(ProjectConfigurationPlatforms) = postSolution
		{AFD617C4-9AAB-4726-80E7-78B200411FE6}.Debug|Any CPU.ActiveCfg = Debug|Any CPU
		{AFD617C4-9AAB-4726-80E7-78B200411FE6}.Debug|Any CPU.Build.0 = Debug|Any CPU
		{AFD617C4-9AAB-4726-80E7-78B200411FE6}.Release|Any CPU.ActiveCfg = Release|Any CPU
		{AFD617C4-9AAB-4726-80E7-78B200411FE6}.Release|Any CPU.Build.0 = Release|Any CPU
	EndGlobalSection
	GlobalSection(SolutionProperties) = preSolution
		HideSolutionNode = FALSE
	EndGlobalSection
	GlobalSection(ExtensibilityGlobals) = postSolution
		SolutionGuid = {CB3F8DDC-8E30-4A26-8757-41F1B9777859}
	EndGlobalSection
EndGlobal
